
Microsoft Visual Studio Solution File, Format Version 12.00
# Visual Studio Version 17
VisualStudioVersion = 17.2.32630.192
MinimumVisualStudioVersion = 10.0.40219.1
Project("{FAE04EC0-301F-11D3-BF4B-00C04F79EFBC}") = "MyBuddy", "MyBuddy\MyBuddy.csproj", "{81B76B3F-FC1E-4A86-98CC-3F6787B3154A}"
EndProject
Global
	GlobalSection(SolutionConfigurationPlatforms) = preSolution
		Debug|Any CPU = Debug|Any CPU
		Release|Any CPU = Release|Any CPU
	EndGlobalSection
	GlobalSection(ProjectConfigurationPlatforms) = postSolution
		{81B76B3F-FC1E-4A86-98CC-3F6787B3154A}.Debug|Any CPU.ActiveCfg = Debug|Any CPU
		{81B76B3F-FC1E-4A86-98CC-3F6787B3154A}.Debug|Any CPU.Build.0 = Debug|Any CPU
		{81B76B3F-FC1E-4A86-98CC-3F6787B3154A}.Release|Any CPU.ActiveCfg = Release|Any CPU
		{81B76B3F-FC1E-4A86-98CC-3F6787B3154A}.Release|Any CPU.Build.0 = Release|Any CPU
	EndGlobalSection
	GlobalSection(SolutionProperties) = preSolution
		HideSolutionNode = FALSE
	EndGlobalSection
	GlobalSection(ExtensibilityGlobals) = postSolution
		SolutionGuid = {4FD0A574-4076-47D0-9561-03BAC3A6FCCA}
	EndGlobalSection
EndGlobal
